// !$*UTF8*$!
{
	archiveVersion = 1;
	classes = {
	};
	objectVersion = 77;
	objects = {

/* Begin PBXContainerItemProxy section */
		24204C062DBDBBC400108943 /* PBXContainerItemProxy */ = {
			isa = PBXContainerItemProxy;
			containerPortal = 24204BE72DBDBBC300108943 /* Project object */;
			proxyType = 1;
			remoteGlobalIDString = 24204BEE2DBDBBC300108943;
			remoteInfo = JyYsOoYn;
		};
		24204C102DBDBBC400108943 /* PBXContainerItemProxy */ = {
			isa = PBXContainerItemProxy;
			containerPortal = 24204BE72DBDBBC300108943 /* Project object */;
			proxyType = 1;
			remoteGlobalIDString = 24204BEE2DBDBBC300108943;
			remoteInfo = JyYsOoYn;
		};
/* End PBXContainerItemProxy section */

/* Begin PBXFileReference section */
		24204BEF2DBDBBC300108943 /* JyYsOoYn.app */ = {isa = PBXFileReference; explicitFileType = wrapper.application; includeInIndex = 0; path = JyYsOoYn.app; sourceTree = BUILT_PRODUCTS_DIR; };
		24204C052DBDBBC400108943 /* JyYsOoYnTests.xctest */ = {isa = PBXFileReference; explicitFileType = wrapper.cfbundle; includeInIndex = 0; path = JyYsOoYnTests.xctest; sourceTree = BUILT_PRODUCTS_DIR; };
		24204C0F2DBDBBC400108943 /* JyYsOoYnUITests.xctest */ = {isa = PBXFileReference; explicitFileType = wrapper.cfbundle; includeInIndex = 0; path = JyYsOoYnUITests.xctest; sourceTree = BUILT_PRODUCTS_DIR; };
/* End PBXFileReference section */

/* Begin PBXFileSystemSynchronizedBuildFileExceptionSet section */
		24204C172DBDBBC400108943 /* Exceptions for "JyYsOoYn" folder in "JyYsOoYn" target */ = {
			isa = PBXFileSystemSynchronizedBuildFileExceptionSet;
			membershipExceptions = (
				Info.plist,
			);
			target = 24204BEE2DBDBBC300108943 /* JyYsOoYn */;
		};
/* End PBXFileSystemSynchronizedBuildFileExceptionSet section */

/* Begin PBXFileSystemSynchronizedRootGroup section */
		24204BF12DBDBBC300108943 /* JyYsOoYn */ = {
			isa = PBXFileSystemSynchronizedRootGroup;
			exceptions = (
				24204C172DBDBBC400108943 /* Exceptions for "JyYsOoYn" folder in "JyYsOoYn" target */,
			);
			path = JyYsOoYn;
			sourceTree = "<group>";
		};
		24204C082DBDBBC400108943 /* JyYsOoYnTests */ = {
			isa = PBXFileSystemSynchronizedRootGroup;
			path = JyYsOoYnTests;
			sourceTree = "<group>";
		};
		24204C122DBDBBC400108943 /* JyYsOoYnUITests */ = {
			isa = PBXFileSystemSynchronizedRootGroup;
			path = JyYsOoYnUITests;
			sourceTree = "<group>";
		};
/* End PBXFileSystemSynchronizedRootGroup section */

/* Begin PBXFrameworksBuildPhase section */
		24204BEC2DBDBBC300108943 /* Frameworks */ = {
			isa = PBXFrameworksBuildPhase;
			buildActionMask = 2147483647;
			files = (
			);
			runOnlyForDeploymentPostprocessing = 0;
		};
		24204C022DBDBBC400108943 /* Frameworks */ = {
			isa = PBXFrameworksBuildPhase;
			buildActionMask = 2147483647;
			files = (
			);
			runOnlyForDeploymentPostprocessing = 0;
		};
		24204C0C2DBDBBC400108943 /* Frameworks */ = {
			isa = PBXFrameworksBuildPhase;
			buildActionMask = 2147483647;
			files = (
			);
			runOnlyForDeploymentPostprocessing = 0;
		};
/* End PBXFrameworksBuildPhase section */

/* Begin PBXGroup section */
		24204BE62DBDBBC300108943 = {
			isa = PBXGroup;
			children = (
				24204BF12DBDBBC300108943 /* JyYsOoYn */,
				24204C082DBDBBC400108943 /* JyYsOoYnTests */,
				24204C122DBDBBC400108943 /* JyYsOoYnUITests */,
				24204BF02DBDBBC300108943 /* Products */,
			);
			sourceTree = "<group>";
		};
		24204BF02DBDBBC300108943 /* Products */ = {
			isa = PBXGroup;
			children = (
				24204BEF2DBDBBC300108943 /* JyYsOoYn.app */,
				24204C052DBDBBC400108943 /* JyYsOoYnTests.xctest */,
				24204C0F2DBDBBC400108943 /* JyYsOoYnUITests.xctest */,
			);
			name = Products;
			sourceTree = "<group>";
		};
/* End PBXGroup section */

/* Begin PBXNativeTarget section */
		24204BEE2DBDBBC300108943 /* JyYsOoYn */ = {
			isa = PBXNativeTarget;
			buildConfigurationList = 24204C182DBDBBC400108943 /* Build configuration list for PBXNativeTarget "JyYsOoYn" */;
			buildPhases = (
				24204BEB2DBDBBC300108943 /* Sources */,
				24204BEC2DBDBBC300108943 /* Frameworks */,
				24204BED2DBDBBC300108943 /* Resources */,
			);
			buildRules = (
			);
			dependencies = (
			);
			fileSystemSynchronizedGroups = (
				24204BF12DBDBBC300108943 /* JyYsOoYn */,
			);
			name = JyYsOoYn;
			packageProductDependencies = (
			);
			productName = JyYsOoYn;
			productReference = 24204BEF2DBDBBC300108943 /* JyYsOoYn.app */;
			productType = "com.apple.product-type.application";
		};
		24204C042DBDBBC400108943 /* JyYsOoYnTests */ = {
			isa = PBXNativeTarget;
			buildConfigurationList = 24204C1D2DBDBBC400108943 /* Build configuration list for PBXNativeTarget "JyYsOoYnTests" */;
			buildPhases = (
				24204C012DBDBBC400108943 /* Sources */,
				24204C022DBDBBC400108943 /* Frameworks */,
				24204C032DBDBBC400108943 /* Resources */,
			);
			buildRules = (
			);
			dependencies = (
				24204C072DBDBBC400108943 /* PBXTargetDependency */,
			);
			fileSystemSynchronizedGroups = (
				24204C082DBDBBC400108943 /* JyYsOoYnTests */,
			);
			name = JyYsOoYnTests;
			packageProductDependencies = (
			);
			productName = JyYsOoYnTests;
			productReference = 24204C052DBDBBC400108943 /* JyYsOoYnTests.xctest */;
			productType = "com.apple.product-type.bundle.unit-test";
		};
		24204C0E2DBDBBC400108943 /* JyYsOoYnUITests */ = {
			isa = PBXNativeTarget;
			buildConfigurationList = 24204C202DBDBBC400108943 /* Build configuration list for PBXNativeTarget "JyYsOoYnUITests" */;
			buildPhases = (
				24204C0B2DBDBBC400108943 /* Sources */,
				24204C0C2DBDBBC400108943 /* Frameworks */,
				24204C0D2DBDBBC400108943 /* Resources */,
			);
			buildRules = (
			);
			dependencies = (
				24204C112DBDBBC400108943 /* PBXTargetDependency */,
			);
			fileSystemSynchronizedGroups = (
				24204C122DBDBBC400108943 /* JyYsOoYnUITests */,
			);
			name = JyYsOoYnUITests;
			packageProductDependencies = (
			);
			productName = JyYsOoYnUITests;
			productReference = 24204C0F2DBDBBC400108943 /* JyYsOoYnUITests.xctest */;
			productType = "com.apple.product-type.bundle.ui-testing";
		};
/* End PBXNativeTarget section */

/* Begin PBXProject section */
		24204BE72DBDBBC300108943 /* Project object */ = {
			isa = PBXProject;
			attributes = {
				BuildIndependentTargetsInParallel = 1;
				LastSwiftUpdateCheck = 1630;
				LastUpgradeCheck = 1630;
				TargetAttributes = {
					24204BEE2DBDBBC300108943 = {
						CreatedOnToolsVersion = 16.3;
					};
					24204C042DBDBBC400108943 = {
						CreatedOnToolsVersion = 16.3;
						TestTargetID = 24204BEE2DBDBBC300108943;
					};
					24204C0E2DBDBBC400108943 = {
						CreatedOnToolsVersion = 16.3;
						TestTargetID = 24204BEE2DBDBBC300108943;
					};
				};
			};
			buildConfigurationList = 24204BEA2DBDBBC300108943 /* Build configuration list for PBXProject "JyYsOoYn" */;
			developmentRegion = en;
			hasScannedForEncodings = 0;
			knownRegions = (
				en,
				Base,
			);
			mainGroup = 24204BE62DBDBBC300108943;
			minimizedProjectReferenceProxies = 1;
			preferredProjectObjectVersion = 77;
			productRefGroup = 24204BF02DBDBBC300108943 /* Products */;
			projectDirPath = "";
			projectRoot = "";
			targets = (
				24204BEE2DBDBBC300108943 /* JyYsOoYn */,
				24204C042DBDBBC400108943 /* JyYsOoYnTests */,
				24204C0E2DBDBBC400108943 /* JyYsOoYnUITests */,
			);
		};
/* End PBXProject section */

/* Begin PBXResourcesBuildPhase section */
		24204BED2DBDBBC300108943 /* Resources */ = {
			isa = PBXResourcesBuildPhase;
			buildActionMask = 2147483647;
			files = (
			);
			runOnlyForDeploymentPostprocessing = 0;
		};
		24204C032DBDBBC400108943 /* Resources */ = {
			isa = PBXResourcesBuildPhase;
			buildActionMask = 2147483647;
			files = (
			);
			runOnlyForDeploymentPostprocessing = 0;
		};
		24204C0D2DBDBBC400108943 /* Resources */ = {
			isa = PBXResourcesBuildPhase;
			buildActionMask = 2147483647;
			files = (
			);
			runOnlyForDeploymentPostprocessing = 0;
		};
/* End PBXResourcesBuildPhase section */

/* Begin PBXSourcesBuildPhase section */
		24204BEB2DBDBBC300108943 /* Sources */ = {
			isa = PBXSourcesBuildPhase;
			buildActionMask = 2147483647;
			files = (
			);
			runOnlyForDeploymentPostprocessing = 0;
		};
		24204C012DBDBBC400108943 /* Sources */ = {
			isa = PBXSourcesBuildPhase;
			buildActionMask = 2147483647;
			files = (
			);
			runOnlyForDeploymentPostprocessing = 0;
		};
		24204C0B2DBDBBC400108943 /* Sources */ = {
			isa = PBXSourcesBuildPhase;
			buildActionMask = 2147483647;
			files = (
			);
			runOnlyForDeploymentPostprocessing = 0;
		};
/* End PBXSourcesBuildPhase section */

/* Begin PBXTargetDependency section */
		24204C072DBDBBC400108943 /* PBXTargetDependency */ = {
			isa = PBXTargetDependency;
			target = 24204BEE2DBDBBC300108943 /* JyYsOoYn */;
			targetProxy = 24204C062DBDBBC400108943 /* PBXContainerItemProxy */;
		};
		24204C112DBDBBC400108943 /* PBXTargetDependency */ = {
			isa = PBXTargetDependency;
			target = 24204BEE2DBDBBC300108943 /* JyYsOoYn */;
			targetProxy = 24204C102DBDBBC400108943 /* PBXContainerItemProxy */;
		};
/* End PBXTargetDependency section */

/* Begin XCBuildConfiguration section */
		24204C192DBDBBC400108943 /* Debug */ = {
			isa = XCBuildConfiguration;
			buildSettings = {
				ASSETCATALOG_COMPILER_APPICON_NAME = AppIcon;
				ASSETCATALOG_COMPILER_GLOBAL_ACCENT_COLOR_NAME = AccentColor;
				CODE_SIGN_STYLE = Automatic;
				CURRENT_PROJECT_VERSION = 1;
				GENERATE_INFOPLIST_FILE = YES;
				INFOPLIST_FILE = JyYsOoYn/Info.plist;
				INFOPLIST_KEY_UIApplicationSupportsIndirectInputEvents = YES;
				INFOPLIST_KEY_UILaunchStoryboardName = LaunchScreen;
				INFOPLIST_KEY_UIMainStoryboardFile = Main;
				INFOPLIST_KEY_UISupportedInterfaceOrientations_iPad = "UIInterfaceOrientationPortrait UIInterfaceOrientationPortraitUpsideDown UIInterfaceOrientationLandscapeLeft UIInterfaceOrientationLandscapeRight";
				INFOPLIST_KEY_UISupportedInterfaceOrientations_iPhone = "UIInterfaceOrientationPortrait UIInterfaceOrientationLandscapeLeft UIInterfaceOrientationLandscapeRight";
				LD_RUNPATH_SEARCH_PATHS = (
					"$(inherited)",
					"@executable_path/Frameworks",
				);
				MARKETING_VERSION = 1.0;
				PRODUCT_BUNDLE_IDENTIFIER = com.TableView.JyYsOoYn;
				PRODUCT_NAME = "$(TARGET_NAME)";
				SWIFT_EMIT_LOC_STRINGS = YES;
				SWIFT_VERSION = 5.0;
				TARGETED_DEVICE_FAMILY = "1,2";
			};
			name = Debug;
		};
		24204C1A2DBDBBC400108943 /* Release */ = {
			isa = XCBuildConfiguration;
			buildSettings = {
				ASSETCATALOG_COMPILER_APPICON_NAME = AppIcon;
				ASSETCATALOG_COMPILER_GLOBAL_ACCENT_COLOR_NAME = AccentColor;
				CODE_SIGN_STYLE = Automatic;
				CURRENT_PROJECT_VERSION = 1;
				GENERATE_INFOPLIST_FILE = YES;
				INFOPLIST_FILE = JyYsOoYn/Info.plist;
				INFOPLIST_KEY_UIApplicationSupportsIndirectInputEvents = YES;
				INFOPLIST_KEY_UILaunchStoryboardName = LaunchScreen;
				INFOPLIST_KEY_UIMainStoryboardFile = Main;
				INFOPLIST_KEY_UISupportedInterfaceOrientations_iPad = "UIInterfaceOrientationPortrait UIInterfaceOrientationPortraitUpsideDown UIInterfaceOrientationLandscapeLeft UIInterfaceOrientationLandscapeRight";
				INFOPLIST_KEY_UISupportedInterfaceOrientations_iPhone = "UIInterfaceOrientationPortrait UIInterfaceOrientationLandscapeLeft UIInterfaceOrientationLandscapeRight";
				LD_RUNPATH_SEARCH_PATHS = (
					"$(inherited)",
					"@executable_path/Frameworks",
				);
				MARKETING_VERSION = 1.0;
				PRODUCT_BUNDLE_IDENTIFIER = com.TableView.JyYsOoYn;
				PRODUCT_NAME = "$(TARGET_NAME)";
				SWIFT_EMIT_LOC_STRINGS = YES;
				SWIFT_VERSION = 5.0;
				TARGETED_DEVICE_FAMILY = "1,2";
			};
			name = Release;
		};
		24204C1B2DBDBBC400108943 /* Debug */ = {
			isa = XCBuildConfiguration;
			buildSettings = {
				ALWAYS_SEARCH_USER_PATHS = NO;
				ASSETCATALOG_COMPILER_GENERATE_SWIFT_ASSET_SYMBOL_EXTENSIONS = YES;
				CLANG_ANALYZER_NONNULL = YES;
				CLANG_ANALYZER_NUMBER_OBJECT_CONVERSION = YES_AGGRESSIVE;
				CLANG_CXX_LANGUAGE_STANDARD = "gnu++20";
				CLANG_ENABLE_MODULES = YES;
				CLANG_ENABLE_OBJC_ARC = YES;
				CLANG_ENABLE_OBJC_WEAK = YES;
				CLANG_WARN_BLOCK_CAPTURE_AUTORELEASING = YES;
				CLANG_WARN_BOOL_CONVERSION = YES;
				CLANG_WARN_COMMA = YES;
				CLANG_WARN_CONSTANT_CONVERSION = YES;
				CLANG_WARN_DEPRECATED_OBJC_IMPLEMENTATIONS = YES;
				CLANG_WARN_DIRECT_OBJC_ISA_USAGE = YES_ERROR;
				CLANG_WARN_DOCUMENTATION_COMMENTS = YES;
				CLANG_WARN_EMPTY_BODY = YES;
				CLANG_WARN_ENUM_CONVERSION = YES;
				CLANG_WARN_INFINITE_RECURSION = YES;
				CLANG_WARN_INT_CONVERSION = YES;
				CLANG_WARN_NON_LITERAL_NULL_CONVERSION = YES;
				CLANG_WARN_OBJC_IMPLICIT_RETAIN_SELF = YES;
				CLANG_WARN_OBJC_LITERAL_CONVERSION = YES;
				CLANG_WARN_OBJC_ROOT_CLASS = YES_ERROR;
				CLANG_WARN_QUOTED_INCLUDE_IN_FRAMEWORK_HEADER = YES;
				CLANG_WARN_RANGE_LOOP_ANALYSIS = YES;
				CLANG_WARN_STRICT_PROTOTYPES = YES;
				CLANG_WARN_SUSPICIOUS_MOVE = YES;
				CLANG_WARN_UNGUARDED_AVAILABILITY = YES_AGGRESSIVE;
				CLANG_WARN_UNREACHABLE_CODE = YES;
				CLANG_WARN__DUPLICATE_METHOD_MATCH = YES;
				COPY_PHASE_STRIP = NO;
				DEBUG_INFORMATION_FORMAT = dwarf;
				ENABLE_STRICT_OBJC_MSGSEND = YES;
				ENABLE_TESTABILITY = YES;
				ENABLE_USER_SCRIPT_SANDBOXING = YES;
				GCC_C_LANGUAGE_STANDARD = gnu17;
				GCC_DYNAMIC_NO_PIC = NO;
				GCC_NO_COMMON_BLOCKS = YES;
				GCC_OPTIMIZATION_LEVEL = 0;
				GCC_PREPROCESSOR_DEFINITIONS = (
					"DEBUG=1",
					"$(inherited)",
				);
				GCC_WARN_64_TO_32_BIT_CONVERSION = YES;
				GCC_WARN_ABOUT_RETURN_TYPE = YES_ERROR;
				GCC_WARN_UNDECLARED_SELECTOR = YES;
				GCC_WARN_UNINITIALIZED_AUTOS = YES_AGGRESSIVE;
				GCC_WARN_UNUSED_FUNCTION = YES;
				GCC_WARN_UNUSED_VARIABLE = YES;
				IPHONEOS_DEPLOYMENT_TARGET = 18.4;
				LOCALIZATION_PREFERS_STRING_CATALOGS = YES;
				MTL_ENABLE_DEBUG_INFO = INCLUDE_SOURCE;
				MTL_FAST_MATH = YES;
				ONLY_ACTIVE_ARCH = YES;
				SDKROOT = iphoneos;
				SWIFT_ACTIVE_COMPILATION_CONDITIONS = "DEBUG $(inherited)";
				SWIFT_OPTIMIZATION_LEVEL = "-Onone";
			};
			name = Debug;
		};
		24204C1C2DBDBBC400108943 /* Release */ = {
			isa = XCBuildConfiguration;
			buildSettings = {
				ALWAYS_SEARCH_USER_PATHS = NO;
				ASSETCATALOG_COMPILER_GENERATE_SWIFT_ASSET_SYMBOL_EXTENSIONS = YES;
				CLANG_ANALYZER_NONNULL = YES;
				CLANG_ANALYZER_NUMBER_OBJECT_CONVERSION = YES_AGGRESSIVE;
				CLANG_CXX_LANGUAGE_STANDARD = "gnu++20";
				CLANG_ENABLE_MODULES = YES;
				CLANG_ENABLE_OBJC_ARC = YES;
				CLANG_ENABLE_OBJC_WEAK = YES;
				CLANG_WARN_BLOCK_CAPTURE_AUTORELEASING = YES;
				CLANG_WARN_BOOL_CONVERSION = YES;
				CLANG_WARN_COMMA = YES;
				CLANG_WARN_CONSTANT_CONVERSION = YES;
				CLANG_WARN_DEPRECATED_OBJC_IMPLEMENTATIONS = YES;
				CLANG_WARN_DIRECT_OBJC_ISA_USAGE = YES_ERROR;
				CLANG_WARN_DOCUMENTATION_COMMENTS = YES;
				CLANG_WARN_EMPTY_BODY = YES;
				CLANG_WARN_ENUM_CONVERSION = YES;
				CLANG_WARN_INFINITE_RECURSION = YES;
				CLANG_WARN_INT_CONVERSION = YES;
				CLANG_WARN_NON_LITERAL_NULL_CONVERSION = YES;
				CLANG_WARN_OBJC_IMPLICIT_RETAIN_SELF = YES;
				CLANG_WARN_OBJC_LITERAL_CONVERSION = YES;
				CLANG_WARN_OBJC_ROOT_CLASS = YES_ERROR;
				CLANG_WARN_QUOTED_INCLUDE_IN_FRAMEWORK_HEADER = YES;
				CLANG_WARN_RANGE_LOOP_ANALYSIS = YES;
				CLANG_WARN_STRICT_PROTOTYPES = YES;
				CLANG_WARN_SUSPICIOUS_MOVE = YES;
				CLANG_WARN_UNGUARDED_AVAILABILITY = YES_AGGRESSIVE;
				CLANG_WARN_UNREACHABLE_CODE = YES;
				CLANG_WARN__DUPLICATE_METHOD_MATCH = YES;
				COPY_PHASE_STRIP = NO;
				DEBUG_INFORMATION_FORMAT = "dwarf-with-dsym";
				ENABLE_NS_ASSERTIONS = NO;
				ENABLE_STRICT_OBJC_MSGSEND = YES;
				ENABLE_USER_SCRIPT_SANDBOXING = YES;
				GCC_C_LANGUAGE_STANDARD = gnu17;
				GCC_NO_COMMON_BLOCKS = YES;
				GCC_WARN_64_TO_32_BIT_CONVERSION = YES;
				GCC_WARN_ABOUT_RETURN_TYPE = YES_ERROR;
				GCC_WARN_UNDECLARED_SELECTOR = YES;
				GCC_WARN_UNINITIALIZED_AUTOS = YES_AGGRESSIVE;
				GCC_WARN_UNUSED_FUNCTION = YES;
				GCC_WARN_UNUSED_VARIABLE = YES;
				IPHONEOS_DEPLOYMENT_TARGET = 18.4;
				LOCALIZATION_PREFERS_STRING_CATALOGS = YES;
				MTL_ENABLE_DEBUG_INFO = NO;
				MTL_FAST_MATH = YES;
				SDKROOT = iphoneos;
				SWIFT_COMPILATION_MODE = wholemodule;
				VALIDATE_PRODUCT = YES;
			};
			name = Release;
		};
		24204C1E2DBDBBC400108943 /* Debug */ = {
			isa = XCBuildConfiguration;
			buildSettings = {
				BUNDLE_LOADER = "$(TEST_HOST)";
				CODE_SIGN_STYLE = Automatic;
				CURRENT_PROJECT_VERSION = 1;
				GENERATE_INFOPLIST_FILE = YES;
				IPHONEOS_DEPLOYMENT_TARGET = 18.4;
				MARKETING_VERSION = 1.0;
				PRODUCT_BUNDLE_IDENTIFIER = com.TableView.JyYsOoYnTests;
				PRODUCT_NAME = "$(TARGET_NAME)";
				SWIFT_EMIT_LOC_STRINGS = NO;
				SWIFT_VERSION = 5.0;
				TARGETED_DEVICE_FAMILY = "1,2";
				TEST_HOST = "$(BUILT_PRODUCTS_DIR)/JyYsOoYn.app/$(BUNDLE_EXECUTABLE_FOLDER_PATH)/JyYsOoYn";
			};
			name = Debug;
		};
		24204C1F2DBDBBC400108943 /* Release */ = {
			isa = XCBuildConfiguration;
			buildSettings = {
				BUNDLE_LOADER = "$(TEST_HOST)";
				CODE_SIGN_STYLE = Automatic;
				CURRENT_PROJECT_VERSION = 1;
				GENERATE_INFOPLIST_FILE = YES;
				IPHONEOS_DEPLOYMENT_TARGET = 18.4;
				MARKETING_VERSION = 1.0;
				PRODUCT_BUNDLE_IDENTIFIER = com.TableView.JyYsOoYnTests;
				PRODUCT_NAME = "$(TARGET_NAME)";
				SWIFT_EMIT_LOC_STRINGS = NO;
				SWIFT_VERSION = 5.0;
				TARGETED_DEVICE_FAMILY = "1,2";
				TEST_HOST = "$(BUILT_PRODUCTS_DIR)/JyYsOoYn.app/$(BUNDLE_EXECUTABLE_FOLDER_PATH)/JyYsOoYn";
			};
			name = Release;
		};
		24204C212DBDBBC400108943 /* Debug */ = {
			isa = XCBuildConfiguration;
			buildSettings = {
				CODE_SIGN_STYLE = Automatic;
				CURRENT_PROJECT_VERSION = 1;
				GENERATE_INFOPLIST_FILE = YES;
				MARKETING_VERSION = 1.0;
				PRODUCT_BUNDLE_IDENTIFIER = com.TableView.JyYsOoYnUITests;
				PRODUCT_NAME = "$(TARGET_NAME)";
				SWIFT_EMIT_LOC_STRINGS = NO;
				SWIFT_VERSION = 5.0;
				TARGETED_DEVICE_FAMILY = "1,2";
				TEST_TARGET_NAME = JyYsOoYn;
			};
			name = Debug;
		};
		24204C222DBDBBC400108943 /* Release */ = {
			isa = XCBuildConfiguration;
			buildSettings = {
				CODE_SIGN_STYLE = Automatic;
				CURRENT_PROJECT_VERSION = 1;
				GENERATE_INFOPLIST_FILE = YES;
				MARKETING_VERSION = 1.0;
				PRODUCT_BUNDLE_IDENTIFIER = com.TableView.JyYsOoYnUITests;
				PRODUCT_NAME = "$(TARGET_NAME)";
				SWIFT_EMIT_LOC_STRINGS = NO;
				SWIFT_VERSION = 5.0;
				TARGETED_DEVICE_FAMILY = "1,2";
				TEST_TARGET_NAME = JyYsOoYn;
			};
			name = Release;
		};
/* End XCBuildConfiguration section */

/* Begin XCConfigurationList section */
		24204BEA2DBDBBC300108943 /* Build configuration list for PBXProject "JyYsOoYn" */ = {
			isa = XCConfigurationList;
			buildConfigurations = (
				24204C1B2DBDBBC400108943 /* Debug */,
				24204C1C2DBDBBC400108943 /* Release */,
			);
			defaultConfigurationIsVisible = 0;
			defaultConfigurationName = Release;
		};
		24204C182DBDBBC400108943 /* Build configuration list for PBXNativeTarget "JyYsOoYn" */ = {
			isa = XCConfigurationList;
			buildConfigurations = (
				24204C192DBDBBC400108943 /* Debug */,
				24204C1A2DBDBBC400108943 /* Release */,
			);
			defaultConfigurationIsVisible = 0;
			defaultConfigurationName = Release;
		};
		24204C1D2DBDBBC400108943 /* Build configuration list for PBXNativeTarget "JyYsOoYnTests" */ = {
			isa = XCConfigurationList;
			buildConfigurations = (
				24204C1E2DBDBBC400108943 /* Debug */,
				24204C1F2DBDBBC400108943 /* Release */,
			);
			defaultConfigurationIsVisible = 0;
			defaultConfigurationName = Release;
		};
		24204C202DBDBBC400108943 /* Build configuration list for PBXNativeTarget "JyYsOoYnUITests" */ = {
			isa = XCConfigurationList;
			buildConfigurations = (
				24204C212DBDBBC400108943 /* Debug */,
				24204C222DBDBBC400108943 /* Release */,
			);
			defaultConfigurationIsVisible = 0;
			defaultConfigurationName = Release;
		};
/* End XCConfigurationList section */
	};
	rootObject = 24204BE72DBDBBC300108943 /* Project object */;
}
